// !$*UTF8*$!
{
	archiveVersion = 1;
	classes = {
	};
	objectVersion = 56;
	objects = {

/* Begin PBXBuildFile section */
		9EBE50E82B42C9B7001B534E /* AppDelegate.swift in Sources */ = {isa = PBXBuildFile; fileRef = 9EBE50E72B42C9B7001B534E /* AppDelegate.swift */; };
		9EBE50EA2B42C9B7001B534E /* SceneDelegate.swift in Sources */ = {isa = PBXBuildFile; fileRef = 9EBE50E92B42C9B7001B534E /* SceneDelegate.swift */; };
		9EBE50EC2B42C9B7001B534E /* ViewController.swift in Sources */ = {isa = PBXBuildFile; fileRef = 9EBE50EB2B42C9B7001B534E /* ViewController.swift */; };
		9EBE50EF2B42C9B7001B534E /* Main.storyboard in Resources */ = {isa = PBXBuildFile; fileRef = 9EBE50ED2B42C9B7001B534E /* Main.storyboard */; };
		9EBE50F12B42C9B8001B534E /* Assets.xcassets in Resources */ = {isa = PBXBuildFile; fileRef = 9EBE50F02B42C9B8001B534E /* Assets.xcassets */; };
		9EBE50F42B42C9B8001B534E /* LaunchScreen.storyboard in Resources */ = {isa = PBXBuildFile; fileRef = 9EBE50F22B42C9B8001B534E /* LaunchScreen.storyboard */; };
		9EBE50FF2B42C9B8001B534E /* BakkwojwoTests.swift in Sources */ = {isa = PBXBuildFile; fileRef = 9EBE50FE2B42C9B8001B534E /* BakkwojwoTests.swift */; };
		9EBE51092B42C9B8001B534E /* BakkwojwoUITests.swift in Sources */ = {isa = PBXBuildFile; fileRef = 9EBE51082B42C9B8001B534E /* BakkwojwoUITests.swift */; };
		9EBE510B2B42C9B8001B534E /* BakkwojwoUITestsLaunchTests.swift in Sources */ = {isa = PBXBuildFile; fileRef = 9EBE510A2B42C9B8001B534E /* BakkwojwoUITestsLaunchTests.swift */; };
/* End PBXBuildFile section */

/* Begin PBXContainerItemProxy section */
		9EBE50FB2B42C9B8001B534E /* PBXContainerItemProxy */ = {
			isa = PBXContainerItemProxy;
			containerPortal = 9EBE50DC2B42C9B7001B534E /* Project object */;
			proxyType = 1;
			remoteGlobalIDString = 9EBE50E32B42C9B7001B534E;
			remoteInfo = Bakkwojwo;
		};
		9EBE51052B42C9B8001B534E /* PBXContainerItemProxy */ = {
			isa = PBXContainerItemProxy;
			containerPortal = 9EBE50DC2B42C9B7001B534E /* Project object */;
			proxyType = 1;
			remoteGlobalIDString = 9EBE50E32B42C9B7001B534E;
			remoteInfo = Bakkwojwo;
		};
/* End PBXContainerItemProxy section */

/* Begin PBXFileReference section */
		9EBE50E42B42C9B7001B534E /* Bakkwojwo.app */ = {isa = PBXFileReference; explicitFileType = wrapper.application; includeInIndex = 0; path = Bakkwojwo.app; sourceTree = BUILT_PRODUCTS_DIR; };
		9EBE50E72B42C9B7001B534E /* AppDelegate.swift */ = {isa = PBXFileReference; lastKnownFileType = sourcecode.swift; path = AppDelegate.swift; sourceTree = "<group>"; };
		9EBE50E92B42C9B7001B534E /* SceneDelegate.swift */ = {isa = PBXFileReference; lastKnownFileType = sourcecode.swift; path = SceneDelegate.swift; sourceTree = "<group>"; };
		9EBE50EB2B42C9B7001B534E /* ViewController.swift */ = {isa = PBXFileReference; lastKnownFileType = sourcecode.swift; path = ViewController.swift; sourceTree = "<group>"; };
		9EBE50EE2B42C9B7001B534E /* Base */ = {isa = PBXFileReference; lastKnownFileType = file.storyboard; name = Base; path = Base.lproj/Main.storyboard; sourceTree = "<group>"; };
		9EBE50F02B42C9B8001B534E /* Assets.xcassets */ = {isa = PBXFileReference; lastKnownFileType = folder.assetcatalog; path = Assets.xcassets; sourceTree = "<group>"; };
		9EBE50F32B42C9B8001B534E /* Base */ = {isa = PBXFileReference; lastKnownFileType = file.storyboard; name = Base; path = Base.lproj/LaunchScreen.storyboard; sourceTree = "<group>"; };
		9EBE50F52B42C9B8001B534E /* Info.plist */ = {isa = PBXFileReference; lastKnownFileType = text.plist.xml; path = Info.plist; sourceTree = "<group>"; };
		9EBE50FA2B42C9B8001B534E /* BakkwojwoTests.xctest */ = {isa = PBXFileReference; explicitFileType = wrapper.cfbundle; includeInIndex = 0; path = BakkwojwoTests.xctest; sourceTree = BUILT_PRODUCTS_DIR; };
		9EBE50FE2B42C9B8001B534E /* BakkwojwoTests.swift */ = {isa = PBXFileReference; lastKnownFileType = sourcecode.swift; path = BakkwojwoTests.swift; sourceTree = "<group>"; };
		9EBE51042B42C9B8001B534E /* BakkwojwoUITests.xctest */ = {isa = PBXFileReference; explicitFileType = wrapper.cfbundle; includeInIndex = 0; path = BakkwojwoUITests.xctest; sourceTree = BUILT_PRODUCTS_DIR; };
		9EBE51082B42C9B8001B534E /* BakkwojwoUITests.swift */ = {isa = PBXFileReference; lastKnownFileType = sourcecode.swift; path = BakkwojwoUITests.swift; sourceTree = "<group>"; };
		9EBE510A2B42C9B8001B534E /* BakkwojwoUITestsLaunchTests.swift */ = {isa = PBXFileReference; lastKnownFileType = sourcecode.swift; path = BakkwojwoUITestsLaunchTests.swift; sourceTree = "<group>"; };
/* End PBXFileReference section */

/* Begin PBXFrameworksBuildPhase section */
		9EBE50E12B42C9B7001B534E /* Frameworks */ = {
			isa = PBXFrameworksBuildPhase;
			buildActionMask = 2147483647;
			files = (
			);
			runOnlyForDeploymentPostprocessing = 0;
		};
		9EBE50F72B42C9B8001B534E /* Frameworks */ = {
			isa = PBXFrameworksBuildPhase;
			buildActionMask = 2147483647;
			files = (
			);
			runOnlyForDeploymentPostprocessing = 0;
		};
		9EBE51012B42C9B8001B534E /* Frameworks */ = {
			isa = PBXFrameworksBuildPhase;
			buildActionMask = 2147483647;
			files = (
			);
			runOnlyForDeploymentPostprocessing = 0;
		};
/* End PBXFrameworksBuildPhase section */

/* Begin PBXGroup section */
		9EBE50DB2B42C9B7001B534E = {
			isa = PBXGroup;
			children = (
				9EBE50E62B42C9B7001B534E /* Bakkwojwo */,
				9EBE50FD2B42C9B8001B534E /* BakkwojwoTests */,
				9EBE51072B42C9B8001B534E /* BakkwojwoUITests */,
				9EBE50E52B42C9B7001B534E /* Products */,
			);
			sourceTree = "<group>";
		};
		9EBE50E52B42C9B7001B534E /* Products */ = {
			isa = PBXGroup;
			children = (
				9EBE50E42B42C9B7001B534E /* Bakkwojwo.app */,
				9EBE50FA2B42C9B8001B534E /* BakkwojwoTests.xctest */,
				9EBE51042B42C9B8001B534E /* BakkwojwoUITests.xctest */,
			);
			name = Products;
			sourceTree = "<group>";
		};
		9EBE50E62B42C9B7001B534E /* Bakkwojwo */ = {
			isa = PBXGroup;
			children = (
				9EBE50E72B42C9B7001B534E /* AppDelegate.swift */,
				9EBE50E92B42C9B7001B534E /* SceneDelegate.swift */,
				9EBE50EB2B42C9B7001B534E /* ViewController.swift */,
				9EBE50ED2B42C9B7001B534E /* Main.storyboard */,
				9EBE50F02B42C9B8001B534E /* Assets.xcassets */,
				9EBE50F22B42C9B8001B534E /* LaunchScreen.storyboard */,
				9EBE50F52B42C9B8001B534E /* Info.plist */,
			);
			path = Bakkwojwo;
			sourceTree = "<group>";
		};
		9EBE50FD2B42C9B8001B534E /* BakkwojwoTests */ = {
			isa = PBXGroup;
			children = (
				9EBE50FE2B42C9B8001B534E /* BakkwojwoTests.swift */,
			);
			path = BakkwojwoTests;
			sourceTree = "<group>";
		};
		9EBE51072B42C9B8001B534E /* BakkwojwoUITests */ = {
			isa = PBXGroup;
			children = (
				9EBE51082B42C9B8001B534E /* BakkwojwoUITests.swift */,
				9EBE510A2B42C9B8001B534E /* BakkwojwoUITestsLaunchTests.swift */,
			);
			path = BakkwojwoUITests;
			sourceTree = "<group>";
		};
/* End PBXGroup section */

/* Begin PBXNativeTarget section */
		9EBE50E32B42C9B7001B534E /* Bakkwojwo */ = {
			isa = PBXNativeTarget;
			buildConfigurationList = 9EBE510E2B42C9B8001B534E /* Build configuration list for PBXNativeTarget "Bakkwojwo" */;
			buildPhases = (
				9EBE50E02B42C9B7001B534E /* Sources */,
				9EBE50E12B42C9B7001B534E /* Frameworks */,
				9EBE50E22B42C9B7001B534E /* Resources */,
			);
			buildRules = (
			);
			dependencies = (
			);
			name = Bakkwojwo;
			productName = Bakkwojwo;
			productReference = 9EBE50E42B42C9B7001B534E /* Bakkwojwo.app */;
			productType = "com.apple.product-type.application";
		};
		9EBE50F92B42C9B8001B534E /* BakkwojwoTests */ = {
			isa = PBXNativeTarget;
			buildConfigurationList = 9EBE51112B42C9B8001B534E /* Build configuration list for PBXNativeTarget "BakkwojwoTests" */;
			buildPhases = (
				9EBE50F62B42C9B8001B534E /* Sources */,
				9EBE50F72B42C9B8001B534E /* Frameworks */,
				9EBE50F82B42C9B8001B534E /* Resources */,
			);
			buildRules = (
			);
			dependencies = (
				9EBE50FC2B42C9B8001B534E /* PBXTargetDependency */,
			);
			name = BakkwojwoTests;
			productName = BakkwojwoTests;
			productReference = 9EBE50FA2B42C9B8001B534E /* BakkwojwoTests.xctest */;
			productType = "com.apple.product-type.bundle.unit-test";
		};
		9EBE51032B42C9B8001B534E /* BakkwojwoUITests */ = {
			isa = PBXNativeTarget;
			buildConfigurationList = 9EBE51142B42C9B8001B534E /* Build configuration list for PBXNativeTarget "BakkwojwoUITests" */;
			buildPhases = (
				9EBE51002B42C9B8001B534E /* Sources */,
				9EBE51012B42C9B8001B534E /* Frameworks */,
				9EBE51022B42C9B8001B534E /* Resources */,
			);
			buildRules = (
			);
			dependencies = (
				9EBE51062B42C9B8001B534E /* PBXTargetDependency */,
			);
			name = BakkwojwoUITests;
			productName = BakkwojwoUITests;
			productReference = 9EBE51042B42C9B8001B534E /* BakkwojwoUITests.xctest */;
			productType = "com.apple.product-type.bundle.ui-testing";
		};
/* End PBXNativeTarget section */

/* Begin PBXProject section */
		9EBE50DC2B42C9B7001B534E /* Project object */ = {
			isa = PBXProject;
			attributes = {
				BuildIndependentTargetsInParallel = 1;
				LastSwiftUpdateCheck = 1420;
				LastUpgradeCheck = 1420;
				TargetAttributes = {
					9EBE50E32B42C9B7001B534E = {
						CreatedOnToolsVersion = 14.2;
					};
					9EBE50F92B42C9B8001B534E = {
						CreatedOnToolsVersion = 14.2;
						TestTargetID = 9EBE50E32B42C9B7001B534E;
					};
					9EBE51032B42C9B8001B534E = {
						CreatedOnToolsVersion = 14.2;
						TestTargetID = 9EBE50E32B42C9B7001B534E;
					};
				};
			};
			buildConfigurationList = 9EBE50DF2B42C9B7001B534E /* Build configuration list for PBXProject "Bakkwojwo" */;
			compatibilityVersion = "Xcode 14.0";
			developmentRegion = en;
			hasScannedForEncodings = 0;
			knownRegions = (
				en,
				Base,
			);
			mainGroup = 9EBE50DB2B42C9B7001B534E;
			productRefGroup = 9EBE50E52B42C9B7001B534E /* Products */;
			projectDirPath = "";
			projectRoot = "";
			targets = (
				9EBE50E32B42C9B7001B534E /* Bakkwojwo */,
				9EBE50F92B42C9B8001B534E /* BakkwojwoTests */,
				9EBE51032B42C9B8001B534E /* BakkwojwoUITests */,
			);
		};
/* End PBXProject section */

/* Begin PBXResourcesBuildPhase section */
		9EBE50E22B42C9B7001B534E /* Resources */ = {
			isa = PBXResourcesBuildPhase;
			buildActionMask = 2147483647;
			files = (
				9EBE50F42B42C9B8001B534E /* LaunchScreen.storyboard in Resources */,
				9EBE50F12B42C9B8001B534E /* Assets.xcassets in Resources */,
				9EBE50EF2B42C9B7001B534E /* Main.storyboard in Resources */,
			);
			runOnlyForDeploymentPostprocessing = 0;
		};
		9EBE50F82B42C9B8001B534E /* Resources */ = {
			isa = PBXResourcesBuildPhase;
			buildActionMask = 2147483647;
			files = (
			);
			runOnlyForDeploymentPostprocessing = 0;
		};
		9EBE51022B42C9B8001B534E /* Resources */ = {
			isa = PBXResourcesBuildPhase;
			buildActionMask = 2147483647;
			files = (
			);
			runOnlyForDeploymentPostprocessing = 0;
		};
/* End PBXResourcesBuildPhase section */

/* Begin PBXSourcesBuildPhase section */
		9EBE50E02B42C9B7001B534E /* Sources */ = {
			isa = PBXSourcesBuildPhase;
			buildActionMask = 2147483647;
			files = (
				9EBE50EC2B42C9B7001B534E /* ViewController.swift in Sources */,
				9EBE50E82B42C9B7001B534E /* AppDelegate.swift in Sources */,
				9EBE50EA2B42C9B7001B534E /* SceneDelegate.swift in Sources */,
			);
			runOnlyForDeploymentPostprocessing = 0;
		};
		9EBE50F62B42C9B8001B534E /* Sources */ = {
			isa = PBXSourcesBuildPhase;
			buildActionMask = 2147483647;
			files = (
				9EBE50FF2B42C9B8001B534E /* BakkwojwoTests.swift in Sources */,
			);
			runOnlyForDeploymentPostprocessing = 0;
		};
		9EBE51002B42C9B8001B534E /* Sources */ = {
			isa = PBXSourcesBuildPhase;
			buildActionMask = 2147483647;
			files = (
				9EBE510B2B42C9B8001B534E /* BakkwojwoUITestsLaunchTests.swift in Sources */,
				9EBE51092B42C9B8001B534E /* BakkwojwoUITests.swift in Sources */,
			);
			runOnlyForDeploymentPostprocessing = 0;
		};
/* End PBXSourcesBuildPhase section */

/* Begin PBXTargetDependency section */
		9EBE50FC2B42C9B8001B534E /* PBXTargetDependency */ = {
			isa = PBXTargetDependency;
			target = 9EBE50E32B42C9B7001B534E /* Bakkwojwo */;
			targetProxy = 9EBE50FB2B42C9B8001B534E /* PBXContainerItemProxy */;
		};
		9EBE51062B42C9B8001B534E /* PBXTargetDependency */ = {
			isa = PBXTargetDependency;
			target = 9EBE50E32B42C9B7001B534E /* Bakkwojwo */;
			targetProxy = 9EBE51052B42C9B8001B534E /* PBXContainerItemProxy */;
		};
/* End PBXTargetDependency section */

/* Begin PBXVariantGroup section */
		9EBE50ED2B42C9B7001B534E /* Main.storyboard */ = {
			isa = PBXVariantGroup;
			children = (
				9EBE50EE2B42C9B7001B534E /* Base */,
			);
			name = Main.storyboard;
			sourceTree = "<group>";
		};
		9EBE50F22B42C9B8001B534E /* LaunchScreen.storyboard */ = {
			isa = PBXVariantGroup;
			children = (
				9EBE50F32B42C9B8001B534E /* Base */,
			);
			name = LaunchScreen.storyboard;
			sourceTree = "<group>";
		};
/* End PBXVariantGroup section */

/* Begin XCBuildConfiguration section */
		9EBE510C2B42C9B8001B534E /* Debug */ = {
			isa = XCBuildConfiguration;
			buildSettings = {
				ALWAYS_SEARCH_USER_PATHS = NO;
				CLANG_ANALYZER_NONNULL = YES;
				CLANG_ANALYZER_NUMBER_OBJECT_CONVERSION = YES_AGGRESSIVE;
				CLANG_CXX_LANGUAGE_STANDARD = "gnu++20";
				CLANG_ENABLE_MODULES = YES;
				CLANG_ENABLE_OBJC_ARC = YES;
				CLANG_ENABLE_OBJC_WEAK = YES;
				CLANG_WARN_BLOCK_CAPTURE_AUTORELEASING = YES;
				CLANG_WARN_BOOL_CONVERSION = YES;
				CLANG_WARN_COMMA = YES;
				CLANG_WARN_CONSTANT_CONVERSION = YES;
				CLANG_WARN_DEPRECATED_OBJC_IMPLEMENTATIONS = YES;
				CLANG_WARN_DIRECT_OBJC_ISA_USAGE = YES_ERROR;
				CLANG_WARN_DOCUMENTATION_COMMENTS = YES;
				CLANG_WARN_EMPTY_BODY = YES;
				CLANG_WARN_ENUM_CONVERSION = YES;
				CLANG_WARN_INFINITE_RECURSION = YES;
				CLANG_WARN_INT_CONVERSION = YES;
				CLANG_WARN_NON_LITERAL_NULL_CONVERSION = YES;
				CLANG_WARN_OBJC_IMPLICIT_RETAIN_SELF = YES;
				CLANG_WARN_OBJC_LITERAL_CONVERSION = YES;
				CLANG_WARN_OBJC_ROOT_CLASS = YES_ERROR;
				CLANG_WARN_QUOTED_INCLUDE_IN_FRAMEWORK_HEADER = YES;
				CLANG_WARN_RANGE_LOOP_ANALYSIS = YES;
				CLANG_WARN_STRICT_PROTOTYPES = YES;
				CLANG_WARN_SUSPICIOUS_MOVE = YES;
				CLANG_WARN_UNGUARDED_AVAILABILITY = YES_AGGRESSIVE;
				CLANG_WARN_UNREACHABLE_CODE = YES;
				CLANG_WARN__DUPLICATE_METHOD_MATCH = YES;
				COPY_PHASE_STRIP = NO;
				DEBUG_INFORMATION_FORMAT = dwarf;
				ENABLE_STRICT_OBJC_MSGSEND = YES;
				ENABLE_TESTABILITY = YES;
				GCC_C_LANGUAGE_STANDARD = gnu11;
				GCC_DYNAMIC_NO_PIC = NO;
				GCC_NO_COMMON_BLOCKS = YES;
				GCC_OPTIMIZATION_LEVEL = 0;
				GCC_PREPROCESSOR_DEFINITIONS = (
					"DEBUG=1",
					"$(inherited)",
				);
				GCC_WARN_64_TO_32_BIT_CONVERSION = YES;
				GCC_WARN_ABOUT_RETURN_TYPE = YES_ERROR;
				GCC_WARN_UNDECLARED_SELECTOR = YES;
				GCC_WARN_UNINITIALIZED_AUTOS = YES_AGGRESSIVE;
				GCC_WARN_UNUSED_FUNCTION = YES;
				GCC_WARN_UNUSED_VARIABLE = YES;
				IPHONEOS_DEPLOYMENT_TARGET = 16.2;
				MTL_ENABLE_DEBUG_INFO = INCLUDE_SOURCE;
				MTL_FAST_MATH = YES;
				ONLY_ACTIVE_ARCH = YES;
				SDKROOT = iphoneos;
				SWIFT_ACTIVE_COMPILATION_CONDITIONS = DEBUG;
				SWIFT_OPTIMIZATION_LEVEL = "-Onone";
			};
			name = Debug;
		};
		9EBE510D2B42C9B8001B534E /* Release */ = {
			isa = XCBuildConfiguration;
			buildSettings = {
				ALWAYS_SEARCH_USER_PATHS = NO;
				CLANG_ANALYZER_NONNULL = YES;
				CLANG_ANALYZER_NUMBER_OBJECT_CONVERSION = YES_AGGRESSIVE;
				CLANG_CXX_LANGUAGE_STANDARD = "gnu++20";
				CLANG_ENABLE_MODULES = YES;
				CLANG_ENABLE_OBJC_ARC = YES;
				CLANG_ENABLE_OBJC_WEAK = YES;
				CLANG_WARN_BLOCK_CAPTURE_AUTORELEASING = YES;
				CLANG_WARN_BOOL_CONVERSION = YES;
				CLANG_WARN_COMMA = YES;
				CLANG_WARN_CONSTANT_CONVERSION = YES;
				CLANG_WARN_DEPRECATED_OBJC_IMPLEMENTATIONS = YES;
				CLANG_WARN_DIRECT_OBJC_ISA_USAGE = YES_ERROR;
				CLANG_WARN_DOCUMENTATION_COMMENTS = YES;
				CLANG_WARN_EMPTY_BODY = YES;
				CLANG_WARN_ENUM_CONVERSION = YES;
				CLANG_WARN_INFINITE_RECURSION = YES;
				CLANG_WARN_INT_CONVERSION = YES;
				CLANG_WARN_NON_LITERAL_NULL_CONVERSION = YES;
				CLANG_WARN_OBJC_IMPLICIT_RETAIN_SELF = YES;
				CLANG_WARN_OBJC_LITERAL_CONVERSION = YES;
				CLANG_WARN_OBJC_ROOT_CLASS = YES_ERROR;
				CLANG_WARN_QUOTED_INCLUDE_IN_FRAMEWORK_HEADER = YES;
				CLANG_WARN_RANGE_LOOP_ANALYSIS = YES;
				CLANG_WARN_STRICT_PROTOTYPES = YES;
				CLANG_WARN_SUSPICIOUS_MOVE = YES;
				CLANG_WARN_UNGUARDED_AVAILABILITY = YES_AGGRESSIVE;
				CLANG_WARN_UNREACHABLE_CODE = YES;
				CLANG_WARN__DUPLICATE_METHOD_MATCH = YES;
				COPY_PHASE_STRIP = NO;
				DEBUG_INFORMATION_FORMAT = "dwarf-with-dsym";
				ENABLE_NS_ASSERTIONS = NO;
				ENABLE_STRICT_OBJC_MSGSEND = YES;
				GCC_C_LANGUAGE_STANDARD = gnu11;
				GCC_NO_COMMON_BLOCKS = YES;
				GCC_WARN_64_TO_32_BIT_CONVERSION = YES;
				GCC_WARN_ABOUT_RETURN_TYPE = YES_ERROR;
				GCC_WARN_UNDECLARED_SELECTOR = YES;
				GCC_WARN_UNINITIALIZED_AUTOS = YES_AGGRESSIVE;
				GCC_WARN_UNUSED_FUNCTION = YES;
				GCC_WARN_UNUSED_VARIABLE = YES;
				IPHONEOS_DEPLOYMENT_TARGET = 16.2;
				MTL_ENABLE_DEBUG_INFO = NO;
				MTL_FAST_MATH = YES;
				SDKROOT = iphoneos;
				SWIFT_COMPILATION_MODE = wholemodule;
				SWIFT_OPTIMIZATION_LEVEL = "-O";
				VALIDATE_PRODUCT = YES;
			};
			name = Release;
		};
		9EBE510F2B42C9B8001B534E /* Debug */ = {
			isa = XCBuildConfiguration;
			buildSettings = {
				ASSETCATALOG_COMPILER_APPICON_NAME = AppIcon;
				ASSETCATALOG_COMPILER_GLOBAL_ACCENT_COLOR_NAME = AccentColor;
				CODE_SIGN_STYLE = Automatic;
				CURRENT_PROJECT_VERSION = 1;
				GENERATE_INFOPLIST_FILE = YES;
				INFOPLIST_FILE = Bakkwojwo/Info.plist;
				INFOPLIST_KEY_UIApplicationSupportsIndirectInputEvents = YES;
				INFOPLIST_KEY_UILaunchStoryboardName = LaunchScreen;
				INFOPLIST_KEY_UIMainStoryboardFile = Main;
				INFOPLIST_KEY_UISupportedInterfaceOrientations_iPad = "UIInterfaceOrientationPortrait UIInterfaceOrientationPortraitUpsideDown UIInterfaceOrientationLandscapeLeft UIInterfaceOrientationLandscapeRight";
				INFOPLIST_KEY_UISupportedInterfaceOrientations_iPhone = "UIInterfaceOrientationPortrait UIInterfaceOrientationLandscapeLeft UIInterfaceOrientationLandscapeRight";
				LD_RUNPATH_SEARCH_PATHS = (
					"$(inherited)",
					"@executable_path/Frameworks",
				);
				MARKETING_VERSION = 1.0;
				PRODUCT_BUNDLE_IDENTIFIER = yeo.Bakkwojwo;
				PRODUCT_NAME = "$(TARGET_NAME)";
				SWIFT_EMIT_LOC_STRINGS = YES;
				SWIFT_VERSION = 5.0;
				TARGETED_DEVICE_FAMILY = "1,2";
			};
			name = Debug;
		};
		9EBE51102B42C9B8001B534E /* Release */ = {
			isa = XCBuildConfiguration;
			buildSettings = {
				ASSETCATALOG_COMPILER_APPICON_NAME = AppIcon;
				ASSETCATALOG_COMPILER_GLOBAL_ACCENT_COLOR_NAME = AccentColor;
				CODE_SIGN_STYLE = Automatic;
				CURRENT_PROJECT_VERSION = 1;
				GENERATE_INFOPLIST_FILE = YES;
				INFOPLIST_FILE = Bakkwojwo/Info.plist;
				INFOPLIST_KEY_UIApplicationSupportsIndirectInputEvents = YES;
				INFOPLIST_KEY_UILaunchStoryboardName = LaunchScreen;
				INFOPLIST_KEY_UIMainStoryboardFile = Main;
				INFOPLIST_KEY_UISupportedInterfaceOrientations_iPad = "UIInterfaceOrientationPortrait UIInterfaceOrientationPortraitUpsideDown UIInterfaceOrientationLandscapeLeft UIInterfaceOrientationLandscapeRight";
				INFOPLIST_KEY_UISupportedInterfaceOrientations_iPhone = "UIInterfaceOrientationPortrait UIInterfaceOrientationLandscapeLeft UIInterfaceOrientationLandscapeRight";
				LD_RUNPATH_SEARCH_PATHS = (
					"$(inherited)",
					"@executable_path/Frameworks",
				);
				MARKETING_VERSION = 1.0;
				PRODUCT_BUNDLE_IDENTIFIER = yeo.Bakkwojwo;
				PRODUCT_NAME = "$(TARGET_NAME)";
				SWIFT_EMIT_LOC_STRINGS = YES;
				SWIFT_VERSION = 5.0;
				TARGETED_DEVICE_FAMILY = "1,2";
			};
			name = Release;
		};
		9EBE51122B42C9B8001B534E /* Debug */ = {
			isa = XCBuildConfiguration;
			buildSettings = {
				ALWAYS_EMBED_SWIFT_STANDARD_LIBRARIES = YES;
				BUNDLE_LOADER = "$(TEST_HOST)";
				CODE_SIGN_STYLE = Automatic;
				CURRENT_PROJECT_VERSION = 1;
				GENERATE_INFOPLIST_FILE = YES;
				IPHONEOS_DEPLOYMENT_TARGET = 16.2;
				MARKETING_VERSION = 1.0;
				PRODUCT_BUNDLE_IDENTIFIER = yeo.BakkwojwoTests;
				PRODUCT_NAME = "$(TARGET_NAME)";
				SWIFT_EMIT_LOC_STRINGS = NO;
				SWIFT_VERSION = 5.0;
				TARGETED_DEVICE_FAMILY = "1,2";
				TEST_HOST = "$(BUILT_PRODUCTS_DIR)/Bakkwojwo.app/$(BUNDLE_EXECUTABLE_FOLDER_PATH)/Bakkwojwo";
			};
			name = Debug;
		};
		9EBE51132B42C9B8001B534E /* Release */ = {
			isa = XCBuildConfiguration;
			buildSettings = {
				ALWAYS_EMBED_SWIFT_STANDARD_LIBRARIES = YES;
				BUNDLE_LOADER = "$(TEST_HOST)";
				CODE_SIGN_STYLE = Automatic;
				CURRENT_PROJECT_VERSION = 1;
				GENERATE_INFOPLIST_FILE = YES;
				IPHONEOS_DEPLOYMENT_TARGET = 16.2;
				MARKETING_VERSION = 1.0;
				PRODUCT_BUNDLE_IDENTIFIER = yeo.BakkwojwoTests;
				PRODUCT_NAME = "$(TARGET_NAME)";
				SWIFT_EMIT_LOC_STRINGS = NO;
				SWIFT_VERSION = 5.0;
				TARGETED_DEVICE_FAMILY = "1,2";
				TEST_HOST = "$(BUILT_PRODUCTS_DIR)/Bakkwojwo.app/$(BUNDLE_EXECUTABLE_FOLDER_PATH)/Bakkwojwo";
			};
			name = Release;
		};
		9EBE51152B42C9B8001B534E /* Debug */ = {
			isa = XCBuildConfiguration;
			buildSettings = {
				ALWAYS_EMBED_SWIFT_STANDARD_LIBRARIES = YES;
				CODE_SIGN_STYLE = Automatic;
				CURRENT_PROJECT_VERSION = 1;
				GENERATE_INFOPLIST_FILE = YES;
				MARKETING_VERSION = 1.0;
				PRODUCT_BUNDLE_IDENTIFIER = yeo.BakkwojwoUITests;
				PRODUCT_NAME = "$(TARGET_NAME)";
				SWIFT_EMIT_LOC_STRINGS = NO;
				SWIFT_VERSION = 5.0;
				TARGETED_DEVICE_FAMILY = "1,2";
				TEST_TARGET_NAME = Bakkwojwo;
			};
			name = Debug;
		};
		9EBE51162B42C9B8001B534E /* Release */ = {
			isa = XCBuildConfiguration;
			buildSettings = {
				ALWAYS_EMBED_SWIFT_STANDARD_LIBRARIES = YES;
				CODE_SIGN_STYLE = Automatic;
				CURRENT_PROJECT_VERSION = 1;
				GENERATE_INFOPLIST_FILE = YES;
				MARKETING_VERSION = 1.0;
				PRODUCT_BUNDLE_IDENTIFIER = yeo.BakkwojwoUITests;
				PRODUCT_NAME = "$(TARGET_NAME)";
				SWIFT_EMIT_LOC_STRINGS = NO;
				SWIFT_VERSION = 5.0;
				TARGETED_DEVICE_FAMILY = "1,2";
				TEST_TARGET_NAME = Bakkwojwo;
			};
			name = Release;
		};
/* End XCBuildConfiguration section */

/* Begin XCConfigurationList section */
		9EBE50DF2B42C9B7001B534E /* Build configuration list for PBXProject "Bakkwojwo" */ = {
			isa = XCConfigurationList;
			buildConfigurations = (
				9EBE510C2B42C9B8001B534E /* Debug */,
				9EBE510D2B42C9B8001B534E /* Release */,
			);
			defaultConfigurationIsVisible = 0;
			defaultConfigurationName = Release;
		};
		9EBE510E2B42C9B8001B534E /* Build configuration list for PBXNativeTarget "Bakkwojwo" */ = {
			isa = XCConfigurationList;
			buildConfigurations = (
				9EBE510F2B42C9B8001B534E /* Debug */,
				9EBE51102B42C9B8001B534E /* Release */,
			);
			defaultConfigurationIsVisible = 0;
			defaultConfigurationName = Release;
		};
		9EBE51112B42C9B8001B534E /* Build configuration list for PBXNativeTarget "BakkwojwoTests" */ = {
			isa = XCConfigurationList;
			buildConfigurations = (
				9EBE51122B42C9B8001B534E /* Debug */,
				9EBE51132B42C9B8001B534E /* Release */,
			);
			defaultConfigurationIsVisible = 0;
			defaultConfigurationName = Release;
		};
		9EBE51142B42C9B8001B534E /* Build configuration list for PBXNativeTarget "BakkwojwoUITests" */ = {
			isa = XCConfigurationList;
			buildConfigurations = (
				9EBE51152B42C9B8001B534E /* Debug */,
				9EBE51162B42C9B8001B534E /* Release */,
			);
			defaultConfigurationIsVisible = 0;
			defaultConfigurationName = Release;
		};
/* End XCConfigurationList section */
	};
	rootObject = 9EBE50DC2B42C9B7001B534E /* Project object */;
}
